Microsoft Visual Studio Solution File, Format Version 12.00
# Visual Studio Version 17
VisualStudioVersion = 17.12.35707.178
MinimumVisualStudioVersion = 10.0.40219.1
Project("{2150E333-8FDC-42A3-9474-1A3956D46DE8}") = "aspire", "aspire", "{D6F0EBC2-4232-408A-A28E-C5AA636932B7}"
EndProject
Project("{2150E333-8FDC-42A3-9474-1A3956D46DE8}") = "src", "src", "{9E660640-8C43-4CFF-B5E6-9528E8F8BA9D}"
EndProject
Project("{2150E333-8FDC-42A3-9474-1A3956D46DE8}") = "tests", "tests", "{D7E311E7-6DCA-4B08-ABE2-D6AC915F12DD}"
EndProject
Project("{FAE04EC0-301F-11D3-BF4B-00C04F79EFBC}") = "EmployeeManagementAspire.ServiceDefaults", "aspire\EmployeeManagementAspire.ServiceDefaults\EmployeeManagementAspire.ServiceDefaults.csproj", "{86716D5B-7A71-457B-8C4A-EA6AAA70128E}"
EndProject
Project("{FAE04EC0-301F-11D3-BF4B-00C04F79EFBC}") = "EmployeeManagementAspire.AppHost", "aspire\EmployeeManagementAspire.AppHost\EmployeeManagementAspire.AppHost.csproj", "{CF82C71C-53C2-4876-8DAD-DFB6278C8D1E}"
EndProject
Project("{2150E333-8FDC-42A3-9474-1A3956D46DE8}") = "01 - Api", "01 - Api", "{D47FA583-4472-4F81-977B-A08DA82B1484}"
EndProject
Project("{2150E333-8FDC-42A3-9474-1A3956D46DE8}") = "02 - Application", "02 - Application", "{58540E81-A576-42BA-8DE2-CC16874068BB}"
EndProject
Project("{2150E333-8FDC-42A3-9474-1A3956D46DE8}") = "02.01 - Services", "02.01 - Services", "{260E13C7-C6E9-4986-A46E-B513E87589C8}"
EndProject
Project("{2150E333-8FDC-42A3-9474-1A3956D46DE8}") = "03 - Infrastructure", "03 - Infrastructure", "{B750FBA5-C63B-40F1-A93F-C89EE01F9396}"
EndProject
Project("{2150E333-8FDC-42A3-9474-1A3956D46DE8}") = "03.01 - Repositories", "03.01 - Repositories", "{A5AC28B0-CE2E-4359-9ABB-5BA1FEE2AC31}"
EndProject
Project("{2150E333-8FDC-42A3-9474-1A3956D46DE8}") = "03.02 - IoC", "03.02 - IoC", "{EFBCB54C-A840-4AC1-8ACA-3B13E8511FD2}"
EndProject
Project("{2150E333-8FDC-42A3-9474-1A3956D46DE8}") = "04 - Domain", "04 - Domain", "{A74F213E-0F34-40AA-9D6B-7594A8819DB5}"
EndProject
Project("{2150E333-8FDC-42A3-9474-1A3956D46DE8}") = "IntegrationTests", "IntegrationTests", "{08F52CC1-26A4-42A2-820C-EF1E5698B5EF}"
EndProject
Project("{2150E333-8FDC-42A3-9474-1A3956D46DE8}") = "UnitTests", "UnitTests", "{F421387F-B638-4A8C-A556-2DC87028B82A}"
EndProject
Project("{FAE04EC0-301F-11D3-BF4B-00C04F79EFBC}") = "Api", "src\Api\Api.csproj", "{7916CD88-7571-497D-886E-211253162FAA}"
EndProject
Project("{FAE04EC0-301F-11D3-BF4B-00C04F79EFBC}") = "Application.Services", "src\Application.Services\Application.Services.csproj", "{1F902DC7-6459-47A7-9DA4-A8D8BB37E6CA}"
EndProject
Project("{FAE04EC0-301F-11D3-BF4B-00C04F79EFBC}") = "Infrastructure.Repositories", "src\Infrastructure.Repositories\Infrastructure.Repositories.csproj", "{30324808-0F5D-4E8D-B2CF-21884A455938}"
EndProject
Project("{FAE04EC0-301F-11D3-BF4B-00C04F79EFBC}") = "Infrastructure.IoC", "src\Infrastructure.IoC\Infrastructure.IoC.csproj", "{584E7C8B-7E74-4A0E-8C76-97DC6FBACD04}"
EndProject
Project("{FAE04EC0-301F-11D3-BF4B-00C04F79EFBC}") = "Domain", "src\Domain\Domain.csproj", "{F7948AF5-6F93-4412-A3EC-3C4F3998E285}"
EndProject
Project("{FAE04EC0-301F-11D3-BF4B-00C04F79EFBC}") = "IntegrationTests", "tests\IntegrationTests\IntegrationTests.csproj", "{B44B118A-23C4-41CF-BB28-3ED0E35E7287}"
EndProject
Project("{FAE04EC0-301F-11D3-BF4B-00C04F79EFBC}") = "Application.Services.UnitTests", "tests\Application.Services.UnitTests\Application.Services.UnitTests.csproj", "{AB383BE5-68D6-46CD-B707-7BD991EE0E21}"
EndProject
Project("{2150E333-8FDC-42A3-9474-1A3956D46DE8}") = "02.02 - Models", "02.02 - Models", "{22DFD7ED-C71B-4381-BF2A-B8CC3C8BA044}"
EndProject
Project("{FAE04EC0-301F-11D3-BF4B-00C04F79EFBC}") = "Application.Models", "src\Application.Models\Application.Models.csproj", "{2E76FF8C-27C7-43E3-B029-E20B358A2B4F}"
EndProject
Project("{2150E333-8FDC-42A3-9474-1A3956D46DE8}") = "Solution Items", "Solution Items", "{1EA57A5B-7854-40AE-B408-F7D71360CC9E}"
	ProjectSection(SolutionItems) = preProject
		.editorconfig = .editorconfig
		docker-compose.yml = docker-compose.yml
		README.md = README.md
	EndProjectSection
EndProject
Global
	GlobalSection(SolutionConfigurationPlatforms) = preSolution
		Debug|Any CPU = Debug|Any CPU
		Release|Any CPU = Release|Any CPU
	EndGlobalSection
	GlobalSection(ProjectConfigurationPlatforms) = postSolution
		{86716D5B-7A71-457B-8C4A-EA6AAA70128E}.Debug|Any CPU.ActiveCfg = Debug|Any CPU
		{86716D5B-7A71-457B-8C4A-EA6AAA70128E}.Debug|Any CPU.Build.0 = Debug|Any CPU
		{86716D5B-7A71-457B-8C4A-EA6AAA70128E}.Release|Any CPU.ActiveCfg = Release|Any CPU
		{86716D5B-7A71-457B-8C4A-EA6AAA70128E}.Release|Any CPU.Build.0 = Release|Any CPU
		{CF82C71C-53C2-4876-8DAD-DFB6278C8D1E}.Debug|Any CPU.ActiveCfg = Debug|Any CPU
		{CF82C71C-53C2-4876-8DAD-DFB6278C8D1E}.Debug|Any CPU.Build.0 = Debug|Any CPU
		{CF82C71C-53C2-4876-8DAD-DFB6278C8D1E}.Release|Any CPU.ActiveCfg = Release|Any CPU
		{CF82C71C-53C2-4876-8DAD-DFB6278C8D1E}.Release|Any CPU.Build.0 = Release|Any CPU
		{7916CD88-7571-497D-886E-211253162FAA}.Debug|Any CPU.ActiveCfg = Debug|Any CPU
		{7916CD88-7571-497D-886E-211253162FAA}.Debug|Any CPU.Build.0 = Debug|Any CPU
		{7916CD88-7571-497D-886E-211253162FAA}.Release|Any CPU.ActiveCfg = Release|Any CPU
		{7916CD88-7571-497D-886E-211253162FAA}.Release|Any CPU.Build.0 = Release|Any CPU
		{1F902DC7-6459-47A7-9DA4-A8D8BB37E6CA}.Debug|Any CPU.ActiveCfg = Debug|Any CPU
		{1F902DC7-6459-47A7-9DA4-A8D8BB37E6CA}.Debug|Any CPU.Build.0 = Debug|Any CPU
		{1F902DC7-6459-47A7-9DA4-A8D8BB37E6CA}.Release|Any CPU.ActiveCfg = Release|Any CPU
		{1F902DC7-6459-47A7-9DA4-A8D8BB37E6CA}.Release|Any CPU.Build.0 = Release|Any CPU
		{30324808-0F5D-4E8D-B2CF-21884A455938}.Debug|Any CPU.ActiveCfg = Debug|Any CPU
		{30324808-0F5D-4E8D-B2CF-21884A455938}.Debug|Any CPU.Build.0 = Debug|Any CPU
		{30324808-0F5D-4E8D-B2CF-21884A455938}.Release|Any CPU.ActiveCfg = Release|Any CPU
		{30324808-0F5D-4E8D-B2CF-21884A455938}.Release|Any CPU.Build.0 = Release|Any CPU
		{584E7C8B-7E74-4A0E-8C76-97DC6FBACD04}.Debug|Any CPU.ActiveCfg = Debug|Any CPU
		{584E7C8B-7E74-4A0E-8C76-97DC6FBACD04}.Debug|Any CPU.Build.0 = Debug|Any CPU
		{584E7C8B-7E74-4A0E-8C76-97DC6FBACD04}.Release|Any CPU.ActiveCfg = Release|Any CPU
		{584E7C8B-7E74-4A0E-8C76-97DC6FBACD04}.Release|Any CPU.Build.0 = Release|Any CPU
		{F7948AF5-6F93-4412-A3EC-3C4F3998E285}.Debug|Any CPU.ActiveCfg = Debug|Any CPU
		{F7948AF5-6F93-4412-A3EC-3C4F3998E285}.Debug|Any CPU.Build.0 = Debug|Any CPU
		{F7948AF5-6F93-4412-A3EC-3C4F3998E285}.Release|Any CPU.ActiveCfg = Release|Any CPU
		{F7948AF5-6F93-4412-A3EC-3C4F3998E285}.Release|Any CPU.Build.0 = Release|Any CPU
		{B44B118A-23C4-41CF-BB28-3ED0E35E7287}.Debug|Any CPU.ActiveCfg = Debug|Any CPU
		{B44B118A-23C4-41CF-BB28-3ED0E35E7287}.Debug|Any CPU.Build.0 = Debug|Any CPU
		{B44B118A-23C4-41CF-BB28-3ED0E35E7287}.Release|Any CPU.ActiveCfg = Release|Any CPU
		{B44B118A-23C4-41CF-BB28-3ED0E35E7287}.Release|Any CPU.Build.0 = Release|Any CPU
		{AB383BE5-68D6-46CD-B707-7BD991EE0E21}.Debug|Any CPU.ActiveCfg = Debug|Any CPU
		{AB383BE5-68D6-46CD-B707-7BD991EE0E21}.Debug|Any CPU.Build.0 = Debug|Any CPU
		{AB383BE5-68D6-46CD-B707-7BD991EE0E21}.Release|Any CPU.ActiveCfg = Release|Any CPU
		{AB383BE5-68D6-46CD-B707-7BD991EE0E21}.Release|Any CPU.Build.0 = Release|Any CPU
		{2E76FF8C-27C7-43E3-B029-E20B358A2B4F}.Debug|Any CPU.ActiveCfg = Debug|Any CPU
		{2E76FF8C-27C7-43E3-B029-E20B358A2B4F}.Debug|Any CPU.Build.0 = Debug|Any CPU
		{2E76FF8C-27C7-43E3-B029-E20B358A2B4F}.Release|Any CPU.ActiveCfg = Release|Any CPU
		{2E76FF8C-27C7-43E3-B029-E20B358A2B4F}.Release|Any CPU.Build.0 = Release|Any CPU
	EndGlobalSection
	GlobalSection(SolutionProperties) = preSolution
		HideSolutionNode = FALSE
	EndGlobalSection
	GlobalSection(NestedProjects) = preSolution
		{86716D5B-7A71-457B-8C4A-EA6AAA70128E} = {D6F0EBC2-4232-408A-A28E-C5AA636932B7}
		{CF82C71C-53C2-4876-8DAD-DFB6278C8D1E} = {D6F0EBC2-4232-408A-A28E-C5AA636932B7}
		{D47FA583-4472-4F81-977B-A08DA82B1484} = {9E660640-8C43-4CFF-B5E6-9528E8F8BA9D}
		{58540E81-A576-42BA-8DE2-CC16874068BB} = {9E660640-8C43-4CFF-B5E6-9528E8F8BA9D}
		{260E13C7-C6E9-4986-A46E-B513E87589C8} = {58540E81-A576-42BA-8DE2-CC16874068BB}
		{B750FBA5-C63B-40F1-A93F-C89EE01F9396} = {9E660640-8C43-4CFF-B5E6-9528E8F8BA9D}
		{A5AC28B0-CE2E-4359-9ABB-5BA1FEE2AC31} = {B750FBA5-C63B-40F1-A93F-C89EE01F9396}
		{EFBCB54C-A840-4AC1-8ACA-3B13E8511FD2} = {B750FBA5-C63B-40F1-A93F-C89EE01F9396}
		{A74F213E-0F34-40AA-9D6B-7594A8819DB5} = {9E660640-8C43-4CFF-B5E6-9528E8F8BA9D}
		{08F52CC1-26A4-42A2-820C-EF1E5698B5EF} = {D7E311E7-6DCA-4B08-ABE2-D6AC915F12DD}
		{F421387F-B638-4A8C-A556-2DC87028B82A} = {D7E311E7-6DCA-4B08-ABE2-D6AC915F12DD}
		{7916CD88-7571-497D-886E-211253162FAA} = {D47FA583-4472-4F81-977B-A08DA82B1484}
		{1F902DC7-6459-47A7-9DA4-A8D8BB37E6CA} = {260E13C7-C6E9-4986-A46E-B513E87589C8}
		{30324808-0F5D-4E8D-B2CF-21884A455938} = {A5AC28B0-CE2E-4359-9ABB-5BA1FEE2AC31}
		{584E7C8B-7E74-4A0E-8C76-97DC6FBACD04} = {EFBCB54C-A840-4AC1-8ACA-3B13E8511FD2}
		{F7948AF5-6F93-4412-A3EC-3C4F3998E285} = {A74F213E-0F34-40AA-9D6B-7594A8819DB5}
		{B44B118A-23C4-41CF-BB28-3ED0E35E7287} = {08F52CC1-26A4-42A2-820C-EF1E5698B5EF}
		{AB383BE5-68D6-46CD-B707-7BD991EE0E21} = {F421387F-B638-4A8C-A556-2DC87028B82A}
		{22DFD7ED-C71B-4381-BF2A-B8CC3C8BA044} = {58540E81-A576-42BA-8DE2-CC16874068BB}
		{2E76FF8C-27C7-43E3-B029-E20B358A2B4F} = {22DFD7ED-C71B-4381-BF2A-B8CC3C8BA044}
	EndGlobalSection
EndGlobal
